// !$*UTF8*$!
{
	archiveVersion = 1;
	classes = {
	};
	objectVersion = 56;
	objects = {

/* Begin PBXBuildFile section */
		2C1E77192A4B63D1008D2E88 /* Screens.swift in Sources */ = {isa = PBXBuildFile; fileRef = 2C1E77182A4B63D0008D2E88 /* Screens.swift */; };
		2C1E771B2A4B63F5008D2E88 /* RootModel.swift in Sources */ = {isa = PBXBuildFile; fileRef = 2C1E771A2A4B63F5008D2E88 /* RootModel.swift */; };
		2C1E771D2A4B64C3008D2E88 /* Launch Screen.storyboard in Resources */ = {isa = PBXBuildFile; fileRef = 2C1E771C2A4B64C3008D2E88 /* Launch Screen.storyboard */; };
		2C3043922A53F2AD00B6C9A9 /* MainRootView.swift in Sources */ = {isa = PBXBuildFile; fileRef = 2C3043912A53F2AD00B6C9A9 /* MainRootView.swift */; };
		2C3043942A53F2B800B6C9A9 /* MainRootModel.swift in Sources */ = {isa = PBXBuildFile; fileRef = 2C3043932A53F2B800B6C9A9 /* MainRootModel.swift */; };
		2C3043962A53F31500B6C9A9 /* MainScreens.swift in Sources */ = {isa = PBXBuildFile; fileRef = 2C3043952A53F31500B6C9A9 /* MainScreens.swift */; };
		2C3043992A53F35B00B6C9A9 /* HomeModel.swift in Sources */ = {isa = PBXBuildFile; fileRef = 2C3043982A53F35B00B6C9A9 /* HomeModel.swift */; };
		2C30439B2A53F36400B6C9A9 /* HomeView.swift in Sources */ = {isa = PBXBuildFile; fileRef = 2C30439A2A53F36400B6C9A9 /* HomeView.swift */; };
		2C30439D2A546BBE00B6C9A9 /* Tabbar.swift in Sources */ = {isa = PBXBuildFile; fileRef = 2C30439C2A546BBE00B6C9A9 /* Tabbar.swift */; };
		2C3043A02A54740C00B6C9A9 /* ProfileView.swift in Sources */ = {isa = PBXBuildFile; fileRef = 2C30439F2A54740C00B6C9A9 /* ProfileView.swift */; };
		2C3043A22A54741500B6C9A9 /* ProfileModel.swift in Sources */ = {isa = PBXBuildFile; fileRef = 2C3043A12A54741500B6C9A9 /* ProfileModel.swift */; };
		2C3043A52A54755F00B6C9A9 /* NotificationModel.swift in Sources */ = {isa = PBXBuildFile; fileRef = 2C3043A42A54755F00B6C9A9 /* NotificationModel.swift */; };
		2C3043A72A54756A00B6C9A9 /* NotificationView.swift in Sources */ = {isa = PBXBuildFile; fileRef = 2C3043A62A54756A00B6C9A9 /* NotificationView.swift */; };
		2C3043A92A547ADF00B6C9A9 /* topBar.swift in Sources */ = {isa = PBXBuildFile; fileRef = 2C3043A82A547ADF00B6C9A9 /* topBar.swift */; };
		2C8D888A2A4C0B010090C2F5 /* OnboardingView.swift in Sources */ = {isa = PBXBuildFile; fileRef = 2C8D88892A4C0B010090C2F5 /* OnboardingView.swift */; };
		2C8D888C2A4C0B0B0090C2F5 /* OnboardingModel.swift in Sources */ = {isa = PBXBuildFile; fileRef = 2C8D888B2A4C0B0B0090C2F5 /* OnboardingModel.swift */; };
		2C8D88902A4C0E4E0090C2F5 /* OnboardingItem.swift in Sources */ = {isa = PBXBuildFile; fileRef = 2C8D888F2A4C0E4E0090C2F5 /* OnboardingItem.swift */; };
		2C8D88962A4C10BF0090C2F5 /* Roboto-Bold.ttf in Resources */ = {isa = PBXBuildFile; fileRef = 2C8D88932A4C10BF0090C2F5 /* Roboto-Bold.ttf */; };
		2C8D88972A4C10BF0090C2F5 /* Roboto-Medium.ttf in Resources */ = {isa = PBXBuildFile; fileRef = 2C8D88942A4C10BF0090C2F5 /* Roboto-Medium.ttf */; };
		2C8D88982A4C10BF0090C2F5 /* Roboto-Regular.ttf in Resources */ = {isa = PBXBuildFile; fileRef = 2C8D88952A4C10BF0090C2F5 /* Roboto-Regular.ttf */; };
		2C8D889A2A4C10D30090C2F5 /* FontHelper.swift in Sources */ = {isa = PBXBuildFile; fileRef = 2C8D88992A4C10D30090C2F5 /* FontHelper.swift */; };
		2C8D889D2A4C19D80090C2F5 /* IndcatorView.swift in Sources */ = {isa = PBXBuildFile; fileRef = 2C8D889C2A4C19D80090C2F5 /* IndcatorView.swift */; };
		2C8D88A02A4C20DC0090C2F5 /* relative.swift in Sources */ = {isa = PBXBuildFile; fileRef = 2C8D889F2A4C20DC0090C2F5 /* relative.swift */; };
		2C8D88A82A4C2DFD0090C2F5 /* KlogisticsTests.swift in Sources */ = {isa = PBXBuildFile; fileRef = 2C8D88A72A4C2DFD0090C2F5 /* KlogisticsTests.swift */; };
		2C943F692A4DB985009C76EE /* Supabase in Frameworks */ = {isa = PBXBuildFile; productRef = 2C943F682A4DB985009C76EE /* Supabase */; };
		2C943F6C2A4DDE95009C76EE /* supabase_testView.swift in Sources */ = {isa = PBXBuildFile; fileRef = 2C943F6B2A4DDE95009C76EE /* supabase_testView.swift */; };
		2C943F6E2A4DDEA2009C76EE /* supabase_testModel.swift in Sources */ = {isa = PBXBuildFile; fileRef = 2C943F6D2A4DDEA2009C76EE /* supabase_testModel.swift */; };
		2C943F722A509DD8009C76EE /* SignUpView.swift in Sources */ = {isa = PBXBuildFile; fileRef = 2C943F712A509DD8009C76EE /* SignUpView.swift */; };
		2C943F742A509DE2009C76EE /* SignUpModel.swift in Sources */ = {isa = PBXBuildFile; fileRef = 2C943F732A509DE2009C76EE /* SignUpModel.swift */; };
		2C943F772A509EE0009C76EE /* tf.swift in Sources */ = {isa = PBXBuildFile; fileRef = 2C943F762A509EE0009C76EE /* tf.swift */; };
		2C943F792A50A250009C76EE /* BlueButton.swift in Sources */ = {isa = PBXBuildFile; fileRef = 2C943F782A50A250009C76EE /* BlueButton.swift */; };
		2C943F7D2A50A89F009C76EE /* Checkbox.swift in Sources */ = {isa = PBXBuildFile; fileRef = 2C943F7C2A50A89F009C76EE /* Checkbox.swift */; };
		2C943F802A51E2A9009C76EE /* Localizable.strings in Resources */ = {isa = PBXBuildFile; fileRef = 2C943F822A51E2A9009C76EE /* Localizable.strings */; };
		2C943F852A51E2DA009C76EE /* Localizable.strings in Resources */ = {isa = PBXBuildFile; fileRef = 2C943F872A51E2DA009C76EE /* Localizable.strings */; };
		2C943F8B2A528A06009C76EE /* WebKitView.swift in Sources */ = {isa = PBXBuildFile; fileRef = 2C943F8A2A528A06009C76EE /* WebKitView.swift */; };
		2C943F8E2A52B802009C76EE /* SupabaseSingle.swift in Sources */ = {isa = PBXBuildFile; fileRef = 2C943F8D2A52B802009C76EE /* SupabaseSingle.swift */; };
		2C943F902A52BCA0009C76EE /* PDFViewRepresentable.swift in Sources */ = {isa = PBXBuildFile; fileRef = 2C943F8F2A52BCA0009C76EE /* PDFViewRepresentable.swift */; };
		2C943F922A52C6B4009C76EE /* PasswordField.swift in Sources */ = {isa = PBXBuildFile; fileRef = 2C943F912A52C6B4009C76EE /* PasswordField.swift */; };
		2CE402552A5313A30009E97C /* LogInView.swift in Sources */ = {isa = PBXBuildFile; fileRef = 2CE402542A5313A30009E97C /* LogInView.swift */; };
		2CE402572A5313AB0009E97C /* LogInModel.swift in Sources */ = {isa = PBXBuildFile; fileRef = 2CE402562A5313AB0009E97C /* LogInModel.swift */; };
		2CE402592A5314370009E97C /* TitleSubtitle.swift in Sources */ = {isa = PBXBuildFile; fileRef = 2CE402582A5314370009E97C /* TitleSubtitle.swift */; };
		2CE4025B2A53162E0009E97C /* google.swift in Sources */ = {isa = PBXBuildFile; fileRef = 2CE4025A2A53162E0009E97C /* google.swift */; };
		2CE4025D2A5316A70009E97C /* underBlue.swift in Sources */ = {isa = PBXBuildFile; fileRef = 2CE4025C2A5316A70009E97C /* underBlue.swift */; };
		2CE4025F2A531B6A0009E97C /* ForgotPasswordView.swift in Sources */ = {isa = PBXBuildFile; fileRef = 2CE4025E2A531B6A0009E97C /* ForgotPasswordView.swift */; };
		2CE402612A531B750009E97C /* ForgotPasswordModel.swift in Sources */ = {isa = PBXBuildFile; fileRef = 2CE402602A531B750009E97C /* ForgotPasswordModel.swift */; };
		2CE402632A5327F60009E97C /* VerifyView.swift in Sources */ = {isa = PBXBuildFile; fileRef = 2CE402622A5327F60009E97C /* VerifyView.swift */; };
		2CE402652A5327FE0009E97C /* VerifyModel.swift in Sources */ = {isa = PBXBuildFile; fileRef = 2CE402642A5327FE0009E97C /* VerifyModel.swift */; };
		2CE402672A53285A0009E97C /* digit.swift in Sources */ = {isa = PBXBuildFile; fileRef = 2CE402662A53285A0009E97C /* digit.swift */; };
		2CE402692A532AD70009E97C /* NewPassView.swift in Sources */ = {isa = PBXBuildFile; fileRef = 2CE402682A532AD70009E97C /* NewPassView.swift */; };
		2CE4026B2A532AF60009E97C /* NewPassModel.swift in Sources */ = {isa = PBXBuildFile; fileRef = 2CE4026A2A532AF60009E97C /* NewPassModel.swift */; };
		2CE4026D2A532B3A0009E97C /* sf.swift in Sources */ = {isa = PBXBuildFile; fileRef = 2CE4026C2A532B3A0009E97C /* sf.swift */; };
		2CE8C8D82A4B60980057AD50 /* KlogisticsApp.swift in Sources */ = {isa = PBXBuildFile; fileRef = 2CE8C8D72A4B60980057AD50 /* KlogisticsApp.swift */; };
		2CE8C8DA2A4B60980057AD50 /* RootView.swift in Sources */ = {isa = PBXBuildFile; fileRef = 2CE8C8D92A4B60980057AD50 /* RootView.swift */; };
		2CE8C8DC2A4B609A0057AD50 /* Assets.xcassets in Resources */ = {isa = PBXBuildFile; fileRef = 2CE8C8DB2A4B609A0057AD50 /* Assets.xcassets */; };
		2CE8C8DF2A4B609A0057AD50 /* Preview Assets.xcassets in Resources */ = {isa = PBXBuildFile; fileRef = 2CE8C8DE2A4B609A0057AD50 /* Preview Assets.xcassets */; };
/* End PBXBuildFile section */

/* Begin PBXContainerItemProxy section */
		2C8D88A92A4C2DFD0090C2F5 /* PBXContainerItemProxy */ = {
			isa = PBXContainerItemProxy;
			containerPortal = 2CE8C8CC2A4B60980057AD50 /* Project object */;
			proxyType = 1;
			remoteGlobalIDString = 2CE8C8D32A4B60980057AD50;
			remoteInfo = Klogistics;
		};
/* End PBXContainerItemProxy section */

/* Begin PBXFileReference section */
		2C1E77182A4B63D0008D2E88 /* Screens.swift */ = {isa = PBXFileReference; lastKnownFileType = sourcecode.swift; path = Screens.swift; sourceTree = "<group>"; };
		2C1E771A2A4B63F5008D2E88 /* RootModel.swift */ = {isa = PBXFileReference; lastKnownFileType = sourcecode.swift; path = RootModel.swift; sourceTree = "<group>"; };
		2C1E771C2A4B64C3008D2E88 /* Launch Screen.storyboard */ = {isa = PBXFileReference; lastKnownFileType = file.storyboard; path = "Launch Screen.storyboard"; sourceTree = "<group>"; };
		2C3043912A53F2AD00B6C9A9 /* MainRootView.swift */ = {isa = PBXFileReference; lastKnownFileType = sourcecode.swift; path = MainRootView.swift; sourceTree = "<group>"; };
		2C3043932A53F2B800B6C9A9 /* MainRootModel.swift */ = {isa = PBXFileReference; lastKnownFileType = sourcecode.swift; path = MainRootModel.swift; sourceTree = "<group>"; };
		2C3043952A53F31500B6C9A9 /* MainScreens.swift */ = {isa = PBXFileReference; lastKnownFileType = sourcecode.swift; path = MainScreens.swift; sourceTree = "<group>"; };
		2C3043982A53F35B00B6C9A9 /* HomeModel.swift */ = {isa = PBXFileReference; lastKnownFileType = sourcecode.swift; path = HomeModel.swift; sourceTree = "<group>"; };
		2C30439A2A53F36400B6C9A9 /* HomeView.swift */ = {isa = PBXFileReference; lastKnownFileType = sourcecode.swift; path = HomeView.swift; sourceTree = "<group>"; };
		2C30439C2A546BBE00B6C9A9 /* Tabbar.swift */ = {isa = PBXFileReference; lastKnownFileType = sourcecode.swift; path = Tabbar.swift; sourceTree = "<group>"; };
		2C30439F2A54740C00B6C9A9 /* ProfileView.swift */ = {isa = PBXFileReference; lastKnownFileType = sourcecode.swift; path = ProfileView.swift; sourceTree = "<group>"; };
		2C3043A12A54741500B6C9A9 /* ProfileModel.swift */ = {isa = PBXFileReference; lastKnownFileType = sourcecode.swift; path = ProfileModel.swift; sourceTree = "<group>"; };
		2C3043A42A54755F00B6C9A9 /* NotificationModel.swift */ = {isa = PBXFileReference; lastKnownFileType = sourcecode.swift; path = NotificationModel.swift; sourceTree = "<group>"; };
		2C3043A62A54756A00B6C9A9 /* NotificationView.swift */ = {isa = PBXFileReference; lastKnownFileType = sourcecode.swift; path = NotificationView.swift; sourceTree = "<group>"; };
		2C3043A82A547ADF00B6C9A9 /* topBar.swift */ = {isa = PBXFileReference; lastKnownFileType = sourcecode.swift; path = topBar.swift; sourceTree = "<group>"; };
		2C8D88892A4C0B010090C2F5 /* OnboardingView.swift */ = {isa = PBXFileReference; lastKnownFileType = sourcecode.swift; path = OnboardingView.swift; sourceTree = "<group>"; };
		2C8D888B2A4C0B0B0090C2F5 /* OnboardingModel.swift */ = {isa = PBXFileReference; lastKnownFileType = sourcecode.swift; path = OnboardingModel.swift; sourceTree = "<group>"; };
		2C8D888F2A4C0E4E0090C2F5 /* OnboardingItem.swift */ = {isa = PBXFileReference; lastKnownFileType = sourcecode.swift; path = OnboardingItem.swift; sourceTree = "<group>"; };
		2C8D88932A4C10BF0090C2F5 /* Roboto-Bold.ttf */ = {isa = PBXFileReference; lastKnownFileType = file; path = "Roboto-Bold.ttf"; sourceTree = "<group>"; };
		2C8D88942A4C10BF0090C2F5 /* Roboto-Medium.ttf */ = {isa = PBXFileReference; lastKnownFileType = file; path = "Roboto-Medium.ttf"; sourceTree = "<group>"; };
		2C8D88952A4C10BF0090C2F5 /* Roboto-Regular.ttf */ = {isa = PBXFileReference; lastKnownFileType = file; path = "Roboto-Regular.ttf"; sourceTree = "<group>"; };
		2C8D88992A4C10D30090C2F5 /* FontHelper.swift */ = {isa = PBXFileReference; lastKnownFileType = sourcecode.swift; path = FontHelper.swift; sourceTree = "<group>"; };
		2C8D889B2A4C115E0090C2F5 /* Info.plist */ = {isa = PBXFileReference; lastKnownFileType = text.plist.xml; path = Info.plist; sourceTree = "<group>"; };
		2C8D889C2A4C19D80090C2F5 /* IndcatorView.swift */ = {isa = PBXFileReference; lastKnownFileType = sourcecode.swift; path = IndcatorView.swift; sourceTree = "<group>"; };
		2C8D889F2A4C20DC0090C2F5 /* relative.swift */ = {isa = PBXFileReference; lastKnownFileType = sourcecode.swift; path = relative.swift; sourceTree = "<group>"; };
		2C8D88A52A4C2DFD0090C2F5 /* KlogisticsTests.xctest */ = {isa = PBXFileReference; explicitFileType = wrapper.cfbundle; includeInIndex = 0; path = KlogisticsTests.xctest; sourceTree = BUILT_PRODUCTS_DIR; };
		2C8D88A72A4C2DFD0090C2F5 /* KlogisticsTests.swift */ = {isa = PBXFileReference; lastKnownFileType = sourcecode.swift; path = KlogisticsTests.swift; sourceTree = "<group>"; };
		2C943F6B2A4DDE95009C76EE /* supabase_testView.swift */ = {isa = PBXFileReference; lastKnownFileType = sourcecode.swift; path = supabase_testView.swift; sourceTree = "<group>"; };
		2C943F6D2A4DDEA2009C76EE /* supabase_testModel.swift */ = {isa = PBXFileReference; lastKnownFileType = sourcecode.swift; path = supabase_testModel.swift; sourceTree = "<group>"; };
		2C943F712A509DD8009C76EE /* SignUpView.swift */ = {isa = PBXFileReference; lastKnownFileType = sourcecode.swift; path = SignUpView.swift; sourceTree = "<group>"; };
		2C943F732A509DE2009C76EE /* SignUpModel.swift */ = {isa = PBXFileReference; lastKnownFileType = sourcecode.swift; path = SignUpModel.swift; sourceTree = "<group>"; };
		2C943F762A509EE0009C76EE /* tf.swift */ = {isa = PBXFileReference; lastKnownFileType = sourcecode.swift; path = tf.swift; sourceTree = "<group>"; };
		2C943F782A50A250009C76EE /* BlueButton.swift */ = {isa = PBXFileReference; lastKnownFileType = sourcecode.swift; path = BlueButton.swift; sourceTree = "<group>"; };
		2C943F7C2A50A89F009C76EE /* Checkbox.swift */ = {isa = PBXFileReference; lastKnownFileType = sourcecode.swift; path = Checkbox.swift; sourceTree = "<group>"; };
		2C943F812A51E2A9009C76EE /* en */ = {isa = PBXFileReference; lastKnownFileType = text.plist.strings; name = en; path = en.lproj/Localizable.strings; sourceTree = "<group>"; };
		2C943F862A51E2DA009C76EE /* ru */ = {isa = PBXFileReference; lastKnownFileType = text.plist.strings; name = ru; path = ru.lproj/Localizable.strings; sourceTree = "<group>"; };
		2C943F8A2A528A06009C76EE /* WebKitView.swift */ = {isa = PBXFileReference; lastKnownFileType = sourcecode.swift; path = WebKitView.swift; sourceTree = "<group>"; };
		2C943F8D2A52B802009C76EE /* SupabaseSingle.swift */ = {isa = PBXFileReference; lastKnownFileType = sourcecode.swift; path = SupabaseSingle.swift; sourceTree = "<group>"; };
		2C943F8F2A52BCA0009C76EE /* PDFViewRepresentable.swift */ = {isa = PBXFileReference; lastKnownFileType = sourcecode.swift; path = PDFViewRepresentable.swift; sourceTree = "<group>"; };
		2C943F912A52C6B4009C76EE /* PasswordField.swift */ = {isa = PBXFileReference; lastKnownFileType = sourcecode.swift; path = PasswordField.swift; sourceTree = "<group>"; };
		2CE402542A5313A30009E97C /* LogInView.swift */ = {isa = PBXFileReference; lastKnownFileType = sourcecode.swift; path = LogInView.swift; sourceTree = "<group>"; };
		2CE402562A5313AB0009E97C /* LogInModel.swift */ = {isa = PBXFileReference; lastKnownFileType = sourcecode.swift; path = LogInModel.swift; sourceTree = "<group>"; };
		2CE402582A5314370009E97C /* TitleSubtitle.swift */ = {isa = PBXFileReference; lastKnownFileType = sourcecode.swift; path = TitleSubtitle.swift; sourceTree = "<group>"; };
		2CE4025A2A53162E0009E97C /* google.swift */ = {isa = PBXFileReference; lastKnownFileType = sourcecode.swift; path = google.swift; sourceTree = "<group>"; };
		2CE4025C2A5316A70009E97C /* underBlue.swift */ = {isa = PBXFileReference; lastKnownFileType = sourcecode.swift; path = underBlue.swift; sourceTree = "<group>"; };
		2CE4025E2A531B6A0009E97C /* ForgotPasswordView.swift */ = {isa = PBXFileReference; lastKnownFileType = sourcecode.swift; path = ForgotPasswordView.swift; sourceTree = "<group>"; };
		2CE402602A531B750009E97C /* ForgotPasswordModel.swift */ = {isa = PBXFileReference; lastKnownFileType = sourcecode.swift; path = ForgotPasswordModel.swift; sourceTree = "<group>"; };
		2CE402622A5327F60009E97C /* VerifyView.swift */ = {isa = PBXFileReference; lastKnownFileType = sourcecode.swift; path = VerifyView.swift; sourceTree = "<group>"; };
		2CE402642A5327FE0009E97C /* VerifyModel.swift */ = {isa = PBXFileReference; lastKnownFileType = sourcecode.swift; path = VerifyModel.swift; sourceTree = "<group>"; };
		2CE402662A53285A0009E97C /* digit.swift */ = {isa = PBXFileReference; lastKnownFileType = sourcecode.swift; path = digit.swift; sourceTree = "<group>"; };
		2CE402682A532AD70009E97C /* NewPassView.swift */ = {isa = PBXFileReference; lastKnownFileType = sourcecode.swift; path = NewPassView.swift; sourceTree = "<group>"; };
		2CE4026A2A532AF60009E97C /* NewPassModel.swift */ = {isa = PBXFileReference; lastKnownFileType = sourcecode.swift; path = NewPassModel.swift; sourceTree = "<group>"; };
		2CE4026C2A532B3A0009E97C /* sf.swift */ = {isa = PBXFileReference; lastKnownFileType = sourcecode.swift; path = sf.swift; sourceTree = "<group>"; };
		2CE8C8D42A4B60980057AD50 /* Klogistics.app */ = {isa = PBXFileReference; explicitFileType = wrapper.application; includeInIndex = 0; path = Klogistics.app; sourceTree = BUILT_PRODUCTS_DIR; };
		2CE8C8D72A4B60980057AD50 /* KlogisticsApp.swift */ = {isa = PBXFileReference; lastKnownFileType = sourcecode.swift; path = KlogisticsApp.swift; sourceTree = "<group>"; };
		2CE8C8D92A4B60980057AD50 /* RootView.swift */ = {isa = PBXFileReference; lastKnownFileType = sourcecode.swift; path = RootView.swift; sourceTree = "<group>"; };
		2CE8C8DB2A4B609A0057AD50 /* Assets.xcassets */ = {isa = PBXFileReference; lastKnownFileType = folder.assetcatalog; path = Assets.xcassets; sourceTree = "<group>"; };
		2CE8C8DE2A4B609A0057AD50 /* Preview Assets.xcassets */ = {isa = PBXFileReference; lastKnownFileType = folder.assetcatalog; path = "Preview Assets.xcassets"; sourceTree = "<group>"; };
/* End PBXFileReference section */

/* Begin PBXFrameworksBuildPhase section */
		2C8D88A22A4C2DFD0090C2F5 /* Frameworks */ = {
			isa = PBXFrameworksBuildPhase;
			buildActionMask = 2147483647;
			files = (
			);
			runOnlyForDeploymentPostprocessing = 0;
		};
		2CE8C8D12A4B60980057AD50 /* Frameworks */ = {
			isa = PBXFrameworksBuildPhase;
			buildActionMask = 2147483647;
			files = (
				2C943F692A4DB985009C76EE /* Supabase in Frameworks */,
			);
			runOnlyForDeploymentPostprocessing = 0;
		};
/* End PBXFrameworksBuildPhase section */

/* Begin PBXGroup section */
		2C1E77172A4B6318008D2E88 /* Features */ = {
			isa = PBXGroup;
			children = (
				2C30438E2A53F27D00B6C9A9 /* Main */,
				2CE402522A52CEBF0009E97C /* NewPass */,
				2CE402512A52CEB50009E97C /* Verify */,
				2CE402502A52CEAA0009E97C /* ForgotPassword */,
				2CE4024F2A52CE9F0009E97C /* LogIn */,
				2C8D888D2A4C0DBE0090C2F5 /* SignUp */,
				2C8D88882A4C0AEF0090C2F5 /* Onboarding */,
			);
			path = Features;
			sourceTree = "<group>";
		};
		2C30438E2A53F27D00B6C9A9 /* Main */ = {
			isa = PBXGroup;
			children = (
				2C3043902A53F29C00B6C9A9 /* Features */,
				2C30438F2A53F29600B6C9A9 /* Common */,
			);
			path = Main;
			sourceTree = "<group>";
		};
		2C30438F2A53F29600B6C9A9 /* Common */ = {
			isa = PBXGroup;
			children = (
				2C3043912A53F2AD00B6C9A9 /* MainRootView.swift */,
				2C3043932A53F2B800B6C9A9 /* MainRootModel.swift */,
				2C3043952A53F31500B6C9A9 /* MainScreens.swift */,
			);
			path = Common;
			sourceTree = "<group>";
		};
		2C3043902A53F29C00B6C9A9 /* Features */ = {
			isa = PBXGroup;
			children = (
				2C3043A32A54755300B6C9A9 /* Notification */,
				2C30439E2A54740000B6C9A9 /* Profile */,
				2C3043972A53F35000B6C9A9 /* Home */,
			);
			path = Features;
			sourceTree = "<group>";
		};
		2C3043972A53F35000B6C9A9 /* Home */ = {
			isa = PBXGroup;
			children = (
				2C3043982A53F35B00B6C9A9 /* HomeModel.swift */,
				2C30439A2A53F36400B6C9A9 /* HomeView.swift */,
			);
			path = Home;
			sourceTree = "<group>";
		};
		2C30439E2A54740000B6C9A9 /* Profile */ = {
			isa = PBXGroup;
			children = (
				2C30439F2A54740C00B6C9A9 /* ProfileView.swift */,
				2C3043A12A54741500B6C9A9 /* ProfileModel.swift */,
			);
			path = Profile;
			sourceTree = "<group>";
		};
		2C3043A32A54755300B6C9A9 /* Notification */ = {
			isa = PBXGroup;
			children = (
				2C3043A42A54755F00B6C9A9 /* NotificationModel.swift */,
				2C3043A62A54756A00B6C9A9 /* NotificationView.swift */,
			);
			path = Notification;
			sourceTree = "<group>";
		};
		2C8D88882A4C0AEF0090C2F5 /* Onboarding */ = {
			isa = PBXGroup;
			children = (
				2C8D88892A4C0B010090C2F5 /* OnboardingView.swift */,
				2C8D888B2A4C0B0B0090C2F5 /* OnboardingModel.swift */,
				2C8D888F2A4C0E4E0090C2F5 /* OnboardingItem.swift */,
				2C8D889C2A4C19D80090C2F5 /* IndcatorView.swift */,
			);
			path = Onboarding;
			sourceTree = "<group>";
		};
		2C8D888D2A4C0DBE0090C2F5 /* SignUp */ = {
			isa = PBXGroup;
			children = (
				2C943F712A509DD8009C76EE /* SignUpView.swift */,
				2C943F732A509DE2009C76EE /* SignUpModel.swift */,
				2C943F822A51E2A9009C76EE /* Localizable.strings */,
				2C943F872A51E2DA009C76EE /* Localizable.strings */,
			);
			path = SignUp;
			sourceTree = "<group>";
		};
		2C8D88922A4C0F850090C2F5 /* Fonts */ = {
			isa = PBXGroup;
			children = (
				2C8D88932A4C10BF0090C2F5 /* Roboto-Bold.ttf */,
				2C8D88942A4C10BF0090C2F5 /* Roboto-Medium.ttf */,
				2C8D88952A4C10BF0090C2F5 /* Roboto-Regular.ttf */,
			);
			path = Fonts;
			sourceTree = "<group>";
		};
		2C8D889E2A4C20C00090C2F5 /* Helpers */ = {
			isa = PBXGroup;
			children = (
				2C8D88992A4C10D30090C2F5 /* FontHelper.swift */,
				2C8D889F2A4C20DC0090C2F5 /* relative.swift */,
			);
			path = Helpers;
			sourceTree = "<group>";
		};
		2C8D88A62A4C2DFD0090C2F5 /* KlogisticsTests */ = {
			isa = PBXGroup;
			children = (
				2C8D88A72A4C2DFD0090C2F5 /* KlogisticsTests.swift */,
			);
			path = KlogisticsTests;
			sourceTree = "<group>";
		};
		2C943F6A2A4DDE7C009C76EE /* supabase_test */ = {
			isa = PBXGroup;
			children = (
				2C943F6B2A4DDE95009C76EE /* supabase_testView.swift */,
				2C943F6D2A4DDEA2009C76EE /* supabase_testModel.swift */,
				2C943F8A2A528A06009C76EE /* WebKitView.swift */,
			);
			path = supabase_test;
			sourceTree = "<group>";
		};
		2C943F752A509ECD009C76EE /* Components */ = {
			isa = PBXGroup;
			children = (
				2C943F762A509EE0009C76EE /* tf.swift */,
				2C943F782A50A250009C76EE /* BlueButton.swift */,
				2C943F7C2A50A89F009C76EE /* Checkbox.swift */,
				2C943F8F2A52BCA0009C76EE /* PDFViewRepresentable.swift */,
				2C943F912A52C6B4009C76EE /* PasswordField.swift */,
				2CE402582A5314370009E97C /* TitleSubtitle.swift */,
				2CE4025A2A53162E0009E97C /* google.swift */,
				2CE4025C2A5316A70009E97C /* underBlue.swift */,
				2CE402662A53285A0009E97C /* digit.swift */,
				2CE4026C2A532B3A0009E97C /* sf.swift */,
				2C30439C2A546BBE00B6C9A9 /* Tabbar.swift */,
				2C3043A82A547ADF00B6C9A9 /* topBar.swift */,
			);
			path = Components;
			sourceTree = "<group>";
		};
		2CE4024F2A52CE9F0009E97C /* LogIn */ = {
			isa = PBXGroup;
			children = (
				2CE402542A5313A30009E97C /* LogInView.swift */,
				2CE402562A5313AB0009E97C /* LogInModel.swift */,
			);
			path = LogIn;
			sourceTree = "<group>";
		};
		2CE402502A52CEAA0009E97C /* ForgotPassword */ = {
			isa = PBXGroup;
			children = (
				2CE4025E2A531B6A0009E97C /* ForgotPasswordView.swift */,
				2CE402602A531B750009E97C /* ForgotPasswordModel.swift */,
			);
			path = ForgotPassword;
			sourceTree = "<group>";
		};
		2CE402512A52CEB50009E97C /* Verify */ = {
			isa = PBXGroup;
			children = (
				2CE402622A5327F60009E97C /* VerifyView.swift */,
				2CE402642A5327FE0009E97C /* VerifyModel.swift */,
			);
			path = Verify;
			sourceTree = "<group>";
		};
		2CE402522A52CEBF0009E97C /* NewPass */ = {
			isa = PBXGroup;
			children = (
				2CE402682A532AD70009E97C /* NewPassView.swift */,
				2CE4026A2A532AF60009E97C /* NewPassModel.swift */,
			);
			path = NewPass;
			sourceTree = "<group>";
		};
		2CE8C8CB2A4B60980057AD50 = {
			isa = PBXGroup;
			children = (
				2CE8C8D62A4B60980057AD50 /* Klogistics */,
				2C8D88A62A4C2DFD0090C2F5 /* KlogisticsTests */,
				2CE8C8D52A4B60980057AD50 /* Products */,
			);
			sourceTree = "<group>";
		};
		2CE8C8D52A4B60980057AD50 /* Products */ = {
			isa = PBXGroup;
			children = (
				2CE8C8D42A4B60980057AD50 /* Klogistics.app */,
				2C8D88A52A4C2DFD0090C2F5 /* KlogisticsTests.xctest */,
			);
			name = Products;
			sourceTree = "<group>";
		};
		2CE8C8D62A4B60980057AD50 /* Klogistics */ = {
			isa = PBXGroup;
			children = (
				2C943F6A2A4DDE7C009C76EE /* supabase_test */,
				2C1E77172A4B6318008D2E88 /* Features */,
				2CE8C8E82A4B61B60057AD50 /* Common */,
			);
			path = Klogistics;
			sourceTree = "<group>";
		};
		2CE8C8DD2A4B609A0057AD50 /* Preview Content */ = {
			isa = PBXGroup;
			children = (
				2CE8C8DE2A4B609A0057AD50 /* Preview Assets.xcassets */,
			);
			path = "Preview Content";
			sourceTree = "<group>";
		};
		2CE8C8E82A4B61B60057AD50 /* Common */ = {
			isa = PBXGroup;
			children = (
				2C943F752A509ECD009C76EE /* Components */,
				2C8D889E2A4C20C00090C2F5 /* Helpers */,
				2C8D88922A4C0F850090C2F5 /* Fonts */,
				2C1E77182A4B63D0008D2E88 /* Screens.swift */,
				2CE8C8D92A4B60980057AD50 /* RootView.swift */,
				2C1E771A2A4B63F5008D2E88 /* RootModel.swift */,
				2CE8C8D72A4B60980057AD50 /* KlogisticsApp.swift */,
				2C943F8D2A52B802009C76EE /* SupabaseSingle.swift */,
				2C8D889B2A4C115E0090C2F5 /* Info.plist */,
				2CE8C8DB2A4B609A0057AD50 /* Assets.xcassets */,
				2C1E771C2A4B64C3008D2E88 /* Launch Screen.storyboard */,
				2CE8C8DD2A4B609A0057AD50 /* Preview Content */,
			);
			path = Common;
			sourceTree = "<group>";
		};
/* End PBXGroup section */

/* Begin PBXNativeTarget section */
		2C8D88A42A4C2DFD0090C2F5 /* KlogisticsTests */ = {
			isa = PBXNativeTarget;
			buildConfigurationList = 2C8D88AB2A4C2DFD0090C2F5 /* Build configuration list for PBXNativeTarget "KlogisticsTests" */;
			buildPhases = (
				2C8D88A12A4C2DFD0090C2F5 /* Sources */,
				2C8D88A22A4C2DFD0090C2F5 /* Frameworks */,
				2C8D88A32A4C2DFD0090C2F5 /* Resources */,
			);
			buildRules = (
			);
			dependencies = (
				2C8D88AA2A4C2DFD0090C2F5 /* PBXTargetDependency */,
			);
			name = KlogisticsTests;
			productName = KlogisticsTests;
			productReference = 2C8D88A52A4C2DFD0090C2F5 /* KlogisticsTests.xctest */;
			productType = "com.apple.product-type.bundle.unit-test";
		};
		2CE8C8D32A4B60980057AD50 /* Klogistics */ = {
			isa = PBXNativeTarget;
			buildConfigurationList = 2CE8C8E22A4B609A0057AD50 /* Build configuration list for PBXNativeTarget "Klogistics" */;
			buildPhases = (
				2CE8C8D02A4B60980057AD50 /* Sources */,
				2CE8C8D12A4B60980057AD50 /* Frameworks */,
				2CE8C8D22A4B60980057AD50 /* Resources */,
			);
			buildRules = (
			);
			dependencies = (
			);
			name = Klogistics;
			packageProductDependencies = (
				2C943F682A4DB985009C76EE /* Supabase */,
			);
			productName = Klogistics;
			productReference = 2CE8C8D42A4B60980057AD50 /* Klogistics.app */;
			productType = "com.apple.product-type.application";
		};
/* End PBXNativeTarget section */

/* Begin PBXProject section */
		2CE8C8CC2A4B60980057AD50 /* Project object */ = {
			isa = PBXProject;
			attributes = {
				BuildIndependentTargetsInParallel = 1;
				LastSwiftUpdateCheck = 1430;
				LastUpgradeCheck = 1430;
				TargetAttributes = {
					2C8D88A42A4C2DFD0090C2F5 = {
						CreatedOnToolsVersion = 14.3;
						TestTargetID = 2CE8C8D32A4B60980057AD50;
					};
					2CE8C8D32A4B60980057AD50 = {
						CreatedOnToolsVersion = 14.3;
					};
				};
			};
			buildConfigurationList = 2CE8C8CF2A4B60980057AD50 /* Build configuration list for PBXProject "Klogistics" */;
			compatibilityVersion = "Xcode 14.0";
			developmentRegion = ru;
			hasScannedForEncodings = 0;
			knownRegions = (
				en,
				Base,
				ru,
			);
			mainGroup = 2CE8C8CB2A4B60980057AD50;
			packageReferences = (
				2C943F672A4DB985009C76EE /* XCRemoteSwiftPackageReference "supabase-swift" */,
			);
			productRefGroup = 2CE8C8D52A4B60980057AD50 /* Products */;
			projectDirPath = "";
			projectRoot = "";
			targets = (
				2CE8C8D32A4B60980057AD50 /* Klogistics */,
				2C8D88A42A4C2DFD0090C2F5 /* KlogisticsTests */,
			);
		};
/* End PBXProject section */

/* Begin PBXResourcesBuildPhase section */
		2C8D88A32A4C2DFD0090C2F5 /* Resources */ = {
			isa = PBXResourcesBuildPhase;
			buildActionMask = 2147483647;
			files = (
			);
			runOnlyForDeploymentPostprocessing = 0;
		};
		2CE8C8D22A4B60980057AD50 /* Resources */ = {
			isa = PBXResourcesBuildPhase;
			buildActionMask = 2147483647;
			files = (
				2C8D88982A4C10BF0090C2F5 /* Roboto-Regular.ttf in Resources */,
				2C8D88972A4C10BF0090C2F5 /* Roboto-Medium.ttf in Resources */,
				2C1E771D2A4B64C3008D2E88 /* Launch Screen.storyboard in Resources */,
				2C943F802A51E2A9009C76EE /* Localizable.strings in Resources */,
				2CE8C8DF2A4B609A0057AD50 /* Preview Assets.xcassets in Resources */,
				2C943F852A51E2DA009C76EE /* Localizable.strings in Resources */,
				2C8D88962A4C10BF0090C2F5 /* Roboto-Bold.ttf in Resources */,
				2CE8C8DC2A4B609A0057AD50 /* Assets.xcassets in Resources */,
			);
			runOnlyForDeploymentPostprocessing = 0;
		};
/* End PBXResourcesBuildPhase section */

/* Begin PBXSourcesBuildPhase section */
		2C8D88A12A4C2DFD0090C2F5 /* Sources */ = {
			isa = PBXSourcesBuildPhase;
			buildActionMask = 2147483647;
			files = (
				2C8D88A82A4C2DFD0090C2F5 /* KlogisticsTests.swift in Sources */,
			);
			runOnlyForDeploymentPostprocessing = 0;
		};
		2CE8C8D02A4B60980057AD50 /* Sources */ = {
			isa = PBXSourcesBuildPhase;
			buildActionMask = 2147483647;
			files = (
				2C1E77192A4B63D1008D2E88 /* Screens.swift in Sources */,
				2C943F742A509DE2009C76EE /* SignUpModel.swift in Sources */,
				2CE4025D2A5316A70009E97C /* underBlue.swift in Sources */,
				2C3043A72A54756A00B6C9A9 /* NotificationView.swift in Sources */,
				2CE402672A53285A0009E97C /* digit.swift in Sources */,
				2C3043992A53F35B00B6C9A9 /* HomeModel.swift in Sources */,
				2CE8C8DA2A4B60980057AD50 /* RootView.swift in Sources */,
				2C3043A92A547ADF00B6C9A9 /* topBar.swift in Sources */,
				2C8D889A2A4C10D30090C2F5 /* FontHelper.swift in Sources */,
				2C943F922A52C6B4009C76EE /* PasswordField.swift in Sources */,
				2CE402632A5327F60009E97C /* VerifyView.swift in Sources */,
				2C943F6E2A4DDEA2009C76EE /* supabase_testModel.swift in Sources */,
				2CE402692A532AD70009E97C /* NewPassView.swift in Sources */,
				2C30439D2A546BBE00B6C9A9 /* Tabbar.swift in Sources */,
				2CE4025F2A531B6A0009E97C /* ForgotPasswordView.swift in Sources */,
				2C3043A02A54740C00B6C9A9 /* ProfileView.swift in Sources */,
				2C8D889D2A4C19D80090C2F5 /* IndcatorView.swift in Sources */,
				2C3043A22A54741500B6C9A9 /* ProfileModel.swift in Sources */,
				2CE402612A531B750009E97C /* ForgotPasswordModel.swift in Sources */,
				2C8D888C2A4C0B0B0090C2F5 /* OnboardingModel.swift in Sources */,
				2C30439B2A53F36400B6C9A9 /* HomeView.swift in Sources */,
				2CE402552A5313A30009E97C /* LogInView.swift in Sources */,
				2C943F8E2A52B802009C76EE /* SupabaseSingle.swift in Sources */,
				2C3043942A53F2B800B6C9A9 /* MainRootModel.swift in Sources */,
				2CE402652A5327FE0009E97C /* VerifyModel.swift in Sources */,
				2C943F772A509EE0009C76EE /* tf.swift in Sources */,
				2CE4026B2A532AF60009E97C /* NewPassModel.swift in Sources */,
				2CE8C8D82A4B60980057AD50 /* KlogisticsApp.swift in Sources */,
				2CE402592A5314370009E97C /* TitleSubtitle.swift in Sources */,
				2C943F6C2A4DDE95009C76EE /* supabase_testView.swift in Sources */,
				2C3043A52A54755F00B6C9A9 /* NotificationModel.swift in Sources */,
				2C943F722A509DD8009C76EE /* SignUpView.swift in Sources */,
				2C8D88902A4C0E4E0090C2F5 /* OnboardingItem.swift in Sources */,
				2C943F902A52BCA0009C76EE /* PDFViewRepresentable.swift in Sources */,
				2CE402572A5313AB0009E97C /* LogInModel.swift in Sources */,
				2CE4026D2A532B3A0009E97C /* sf.swift in Sources */,
				2C8D888A2A4C0B010090C2F5 /* OnboardingView.swift in Sources */,
				2C1E771B2A4B63F5008D2E88 /* RootModel.swift in Sources */,
				2CE4025B2A53162E0009E97C /* google.swift in Sources */,
				2C8D88A02A4C20DC0090C2F5 /* relative.swift in Sources */,
				2C3043962A53F31500B6C9A9 /* MainScreens.swift in Sources */,
				2C943F8B2A528A06009C76EE /* WebKitView.swift in Sources */,
				2C943F792A50A250009C76EE /* BlueButton.swift in Sources */,
				2C3043922A53F2AD00B6C9A9 /* MainRootView.swift in Sources */,
				2C943F7D2A50A89F009C76EE /* Checkbox.swift in Sources */,
			);
			runOnlyForDeploymentPostprocessing = 0;
		};
/* End PBXSourcesBuildPhase section */

/* Begin PBXTargetDependency section */
		2C8D88AA2A4C2DFD0090C2F5 /* PBXTargetDependency */ = {
			isa = PBXTargetDependency;
			target = 2CE8C8D32A4B60980057AD50 /* Klogistics */;
			targetProxy = 2C8D88A92A4C2DFD0090C2F5 /* PBXContainerItemProxy */;
		};
/* End PBXTargetDependency section */

/* Begin PBXVariantGroup section */
		2C943F822A51E2A9009C76EE /* Localizable.strings */ = {
			isa = PBXVariantGroup;
			children = (
				2C943F812A51E2A9009C76EE /* en */,
			);
			name = Localizable.strings;
			sourceTree = "<group>";
		};
		2C943F872A51E2DA009C76EE /* Localizable.strings */ = {
			isa = PBXVariantGroup;
			children = (
				2C943F862A51E2DA009C76EE /* ru */,
			);
			name = Localizable.strings;
			sourceTree = "<group>";
		};
/* End PBXVariantGroup section */

/* Begin XCBuildConfiguration section */
		2C8D88AC2A4C2DFD0090C2F5 /* Debug */ = {
			isa = XCBuildConfiguration;
			buildSettings = {
				BUNDLE_LOADER = "$(TEST_HOST)";
				CODE_SIGN_STYLE = Automatic;
				CURRENT_PROJECT_VERSION = 1;
				DEVELOPMENT_TEAM = N5Q5NU635P;
				GENERATE_INFOPLIST_FILE = YES;
				MARKETING_VERSION = 1.0;
				PRODUCT_BUNDLE_IDENTIFIER = a.KlogisticsTests;
				PRODUCT_NAME = "$(TARGET_NAME)";
				SWIFT_EMIT_LOC_STRINGS = NO;
				SWIFT_VERSION = 5.0;
				TARGETED_DEVICE_FAMILY = "1,2";
				TEST_HOST = "$(BUILT_PRODUCTS_DIR)/Klogistics.app/$(BUNDLE_EXECUTABLE_FOLDER_PATH)/Klogistics";
			};
			name = Debug;
		};
		2C8D88AD2A4C2DFD0090C2F5 /* Release */ = {
			isa = XCBuildConfiguration;
			buildSettings = {
				BUNDLE_LOADER = "$(TEST_HOST)";
				CODE_SIGN_STYLE = Automatic;
				CURRENT_PROJECT_VERSION = 1;
				DEVELOPMENT_TEAM = N5Q5NU635P;
				GENERATE_INFOPLIST_FILE = YES;
				MARKETING_VERSION = 1.0;
				PRODUCT_BUNDLE_IDENTIFIER = a.KlogisticsTests;
				PRODUCT_NAME = "$(TARGET_NAME)";
				SWIFT_EMIT_LOC_STRINGS = NO;
				SWIFT_VERSION = 5.0;
				TARGETED_DEVICE_FAMILY = "1,2";
				TEST_HOST = "$(BUILT_PRODUCTS_DIR)/Klogistics.app/$(BUNDLE_EXECUTABLE_FOLDER_PATH)/Klogistics";
			};
			name = Release;
		};
		2CE8C8E02A4B609A0057AD50 /* Debug */ = {
			isa = XCBuildConfiguration;
			buildSettings = {
				ALWAYS_SEARCH_USER_PATHS = NO;
				CLANG_ANALYZER_NONNULL = YES;
				CLANG_ANALYZER_NUMBER_OBJECT_CONVERSION = YES_AGGRESSIVE;
				CLANG_CXX_LANGUAGE_STANDARD = "gnu++20";
				CLANG_ENABLE_MODULES = YES;
				CLANG_ENABLE_OBJC_ARC = YES;
				CLANG_ENABLE_OBJC_WEAK = YES;
				CLANG_WARN_BLOCK_CAPTURE_AUTORELEASING = YES;
				CLANG_WARN_BOOL_CONVERSION = YES;
				CLANG_WARN_COMMA = YES;
				CLANG_WARN_CONSTANT_CONVERSION = YES;
				CLANG_WARN_DEPRECATED_OBJC_IMPLEMENTATIONS = YES;
				CLANG_WARN_DIRECT_OBJC_ISA_USAGE = YES_ERROR;
				CLANG_WARN_DOCUMENTATION_COMMENTS = YES;
				CLANG_WARN_EMPTY_BODY = YES;
				CLANG_WARN_ENUM_CONVERSION = YES;
				CLANG_WARN_INFINITE_RECURSION = YES;
				CLANG_WARN_INT_CONVERSION = YES;
				CLANG_WARN_NON_LITERAL_NULL_CONVERSION = YES;
				CLANG_WARN_OBJC_IMPLICIT_RETAIN_SELF = YES;
				CLANG_WARN_OBJC_LITERAL_CONVERSION = YES;
				CLANG_WARN_OBJC_ROOT_CLASS = YES_ERROR;
				CLANG_WARN_QUOTED_INCLUDE_IN_FRAMEWORK_HEADER = YES;
				CLANG_WARN_RANGE_LOOP_ANALYSIS = YES;
				CLANG_WARN_STRICT_PROTOTYPES = YES;
				CLANG_WARN_SUSPICIOUS_MOVE = YES;
				CLANG_WARN_UNGUARDED_AVAILABILITY = YES_AGGRESSIVE;
				CLANG_WARN_UNREACHABLE_CODE = YES;
				CLANG_WARN__DUPLICATE_METHOD_MATCH = YES;
				COPY_PHASE_STRIP = NO;
				DEBUG_INFORMATION_FORMAT = dwarf;
				ENABLE_STRICT_OBJC_MSGSEND = YES;
				ENABLE_TESTABILITY = YES;
				GCC_C_LANGUAGE_STANDARD = gnu11;
				GCC_DYNAMIC_NO_PIC = NO;
				GCC_NO_COMMON_BLOCKS = YES;
				GCC_OPTIMIZATION_LEVEL = 0;
				GCC_PREPROCESSOR_DEFINITIONS = (
					"DEBUG=1",
					"$(inherited)",
				);
				GCC_WARN_64_TO_32_BIT_CONVERSION = YES;
				GCC_WARN_ABOUT_RETURN_TYPE = YES_ERROR;
				GCC_WARN_UNDECLARED_SELECTOR = YES;
				GCC_WARN_UNINITIALIZED_AUTOS = YES_AGGRESSIVE;
				GCC_WARN_UNUSED_FUNCTION = YES;
				GCC_WARN_UNUSED_VARIABLE = YES;
				IPHONEOS_DEPLOYMENT_TARGET = 14.0;
				MTL_ENABLE_DEBUG_INFO = INCLUDE_SOURCE;
				MTL_FAST_MATH = YES;
				ONLY_ACTIVE_ARCH = YES;
				SDKROOT = iphoneos;
				SWIFT_ACTIVE_COMPILATION_CONDITIONS = DEBUG;
				SWIFT_OPTIMIZATION_LEVEL = "-Onone";
			};
			name = Debug;
		};
		2CE8C8E12A4B609A0057AD50 /* Release */ = {
			isa = XCBuildConfiguration;
			buildSettings = {
				ALWAYS_SEARCH_USER_PATHS = NO;
				CLANG_ANALYZER_NONNULL = YES;
				CLANG_ANALYZER_NUMBER_OBJECT_CONVERSION = YES_AGGRESSIVE;
				CLANG_CXX_LANGUAGE_STANDARD = "gnu++20";
				CLANG_ENABLE_MODULES = YES;
				CLANG_ENABLE_OBJC_ARC = YES;
				CLANG_ENABLE_OBJC_WEAK = YES;
				CLANG_WARN_BLOCK_CAPTURE_AUTORELEASING = YES;
				CLANG_WARN_BOOL_CONVERSION = YES;
				CLANG_WARN_COMMA = YES;
				CLANG_WARN_CONSTANT_CONVERSION = YES;
				CLANG_WARN_DEPRECATED_OBJC_IMPLEMENTATIONS = YES;
				CLANG_WARN_DIRECT_OBJC_ISA_USAGE = YES_ERROR;
				CLANG_WARN_DOCUMENTATION_COMMENTS = YES;
				CLANG_WARN_EMPTY_BODY = YES;
				CLANG_WARN_ENUM_CONVERSION = YES;
				CLANG_WARN_INFINITE_RECURSION = YES;
				CLANG_WARN_INT_CONVERSION = YES;
				CLANG_WARN_NON_LITERAL_NULL_CONVERSION = YES;
				CLANG_WARN_OBJC_IMPLICIT_RETAIN_SELF = YES;
				CLANG_WARN_OBJC_LITERAL_CONVERSION = YES;
				CLANG_WARN_OBJC_ROOT_CLASS = YES_ERROR;
				CLANG_WARN_QUOTED_INCLUDE_IN_FRAMEWORK_HEADER = YES;
				CLANG_WARN_RANGE_LOOP_ANALYSIS = YES;
				CLANG_WARN_STRICT_PROTOTYPES = YES;
				CLANG_WARN_SUSPICIOUS_MOVE = YES;
				CLANG_WARN_UNGUARDED_AVAILABILITY = YES_AGGRESSIVE;
				CLANG_WARN_UNREACHABLE_CODE = YES;
				CLANG_WARN__DUPLICATE_METHOD_MATCH = YES;
				COPY_PHASE_STRIP = NO;
				DEBUG_INFORMATION_FORMAT = "dwarf-with-dsym";
				ENABLE_NS_ASSERTIONS = NO;
				ENABLE_STRICT_OBJC_MSGSEND = YES;
				GCC_C_LANGUAGE_STANDARD = gnu11;
				GCC_NO_COMMON_BLOCKS = YES;
				GCC_WARN_64_TO_32_BIT_CONVERSION = YES;
				GCC_WARN_ABOUT_RETURN_TYPE = YES_ERROR;
				GCC_WARN_UNDECLARED_SELECTOR = YES;
				GCC_WARN_UNINITIALIZED_AUTOS = YES_AGGRESSIVE;
				GCC_WARN_UNUSED_FUNCTION = YES;
				GCC_WARN_UNUSED_VARIABLE = YES;
				IPHONEOS_DEPLOYMENT_TARGET = 14.0;
				MTL_ENABLE_DEBUG_INFO = NO;
				MTL_FAST_MATH = YES;
				SDKROOT = iphoneos;
				SWIFT_COMPILATION_MODE = wholemodule;
				SWIFT_OPTIMIZATION_LEVEL = "-O";
				VALIDATE_PRODUCT = YES;
			};
			name = Release;
		};
		2CE8C8E32A4B609A0057AD50 /* Debug */ = {
			isa = XCBuildConfiguration;
			buildSettings = {
				ASSETCATALOG_COMPILER_APPICON_NAME = AppIcon;
				ASSETCATALOG_COMPILER_GLOBAL_ACCENT_COLOR_NAME = AccentColor;
				CODE_SIGN_STYLE = Automatic;
				CURRENT_PROJECT_VERSION = 1;
				DEVELOPMENT_ASSET_PATHS = "\"Klogistics/Common/Preview Content\"";
				DEVELOPMENT_TEAM = N5Q5NU635P;
				ENABLE_PREVIEWS = YES;
				GENERATE_INFOPLIST_FILE = YES;
				INFOPLIST_FILE = Klogistics/Common/Info.plist;
				INFOPLIST_KEY_UIApplicationSupportsIndirectInputEvents = YES;
				INFOPLIST_KEY_UILaunchScreen_Generation = YES;
				INFOPLIST_KEY_UILaunchStoryboardName = "Launch Screen.storyboard";
				INFOPLIST_KEY_UISupportedInterfaceOrientations_iPad = "UIInterfaceOrientationPortrait UIInterfaceOrientationPortraitUpsideDown UIInterfaceOrientationLandscapeLeft UIInterfaceOrientationLandscapeRight";
				INFOPLIST_KEY_UISupportedInterfaceOrientations_iPhone = "UIInterfaceOrientationPortrait UIInterfaceOrientationLandscapeLeft UIInterfaceOrientationLandscapeRight";
				LD_RUNPATH_SEARCH_PATHS = (
					"$(inherited)",
					"@executable_path/Frameworks",
				);
				MARKETING_VERSION = 1.0;
				PRODUCT_BUNDLE_IDENTIFIER = a.Klogistics;
				PRODUCT_NAME = "$(TARGET_NAME)";
				SWIFT_EMIT_LOC_STRINGS = YES;
				SWIFT_VERSION = 5.0;
				TARGETED_DEVICE_FAMILY = "1,2";
			};
			name = Debug;
		};
		2CE8C8E42A4B609A0057AD50 /* Release */ = {
			isa = XCBuildConfiguration;
			buildSettings = {
				ASSETCATALOG_COMPILER_APPICON_NAME = AppIcon;
				ASSETCATALOG_COMPILER_GLOBAL_ACCENT_COLOR_NAME = AccentColor;
				CODE_SIGN_STYLE = Automatic;
				CURRENT_PROJECT_VERSION = 1;
				DEVELOPMENT_ASSET_PATHS = "\"Klogistics/Common/Preview Content\"";
				DEVELOPMENT_TEAM = N5Q5NU635P;
				ENABLE_PREVIEWS = YES;
				GENERATE_INFOPLIST_FILE = YES;
				INFOPLIST_FILE = Klogistics/Common/Info.plist;
				INFOPLIST_KEY_UIApplicationSupportsIndirectInputEvents = YES;
				INFOPLIST_KEY_UILaunchScreen_Generation = YES;
				INFOPLIST_KEY_UILaunchStoryboardName = "Launch Screen.storyboard";
				INFOPLIST_KEY_UISupportedInterfaceOrientations_iPad = "UIInterfaceOrientationPortrait UIInterfaceOrientationPortraitUpsideDown UIInterfaceOrientationLandscapeLeft UIInterfaceOrientationLandscapeRight";
				INFOPLIST_KEY_UISupportedInterfaceOrientations_iPhone = "UIInterfaceOrientationPortrait UIInterfaceOrientationLandscapeLeft UIInterfaceOrientationLandscapeRight";
				LD_RUNPATH_SEARCH_PATHS = (
					"$(inherited)",
					"@executable_path/Frameworks",
				);
				MARKETING_VERSION = 1.0;
				PRODUCT_BUNDLE_IDENTIFIER = a.Klogistics;
				PRODUCT_NAME = "$(TARGET_NAME)";
				SWIFT_EMIT_LOC_STRINGS = YES;
				SWIFT_VERSION = 5.0;
				TARGETED_DEVICE_FAMILY = "1,2";
			};
			name = Release;
		};
/* End XCBuildConfiguration section */

/* Begin XCConfigurationList section */
		2C8D88AB2A4C2DFD0090C2F5 /* Build configuration list for PBXNativeTarget "KlogisticsTests" */ = {
			isa = XCConfigurationList;
			buildConfigurations = (
				2C8D88AC2A4C2DFD0090C2F5 /* Debug */,
				2C8D88AD2A4C2DFD0090C2F5 /* Release */,
			);
			defaultConfigurationIsVisible = 0;
			defaultConfigurationName = Release;
		};
		2CE8C8CF2A4B60980057AD50 /* Build configuration list for PBXProject "Klogistics" */ = {
			isa = XCConfigurationList;
			buildConfigurations = (
				2CE8C8E02A4B609A0057AD50 /* Debug */,
				2CE8C8E12A4B609A0057AD50 /* Release */,
			);
			defaultConfigurationIsVisible = 0;
			defaultConfigurationName = Release;
		};
		2CE8C8E22A4B609A0057AD50 /* Build configuration list for PBXNativeTarget "Klogistics" */ = {
			isa = XCConfigurationList;
			buildConfigurations = (
				2CE8C8E32A4B609A0057AD50 /* Debug */,
				2CE8C8E42A4B609A0057AD50 /* Release */,
			);
			defaultConfigurationIsVisible = 0;
			defaultConfigurationName = Release;
		};
/* End XCConfigurationList section */

/* Begin XCRemoteSwiftPackageReference section */
		2C943F672A4DB985009C76EE /* XCRemoteSwiftPackageReference "supabase-swift" */ = {
			isa = XCRemoteSwiftPackageReference;
			repositoryURL = "https://github.com/supabase/supabase-swift.git";
			requirement = {
				kind = upToNextMajorVersion;
				minimumVersion = 0.2.2;
			};
		};
/* End XCRemoteSwiftPackageReference section */

/* Begin XCSwiftPackageProductDependency section */
		2C943F682A4DB985009C76EE /* Supabase */ = {
			isa = XCSwiftPackageProductDependency;
			package = 2C943F672A4DB985009C76EE /* XCRemoteSwiftPackageReference "supabase-swift" */;
			productName = Supabase;
		};
/* End XCSwiftPackageProductDependency section */
	};
	rootObject = 2CE8C8CC2A4B60980057AD50 /* Project object */;
}
