// !$*UTF8*$!
{
	archiveVersion = 1;
	classes = {
	};
	objectVersion = 56;
	objects = {

/* Begin PBXBuildFile section */
		2C1E77192A4B63D1008D2E88 /* Screens.swift in Sources */ = {isa = PBXBuildFile; fileRef = 2C1E77182A4B63D0008D2E88 /* Screens.swift */; };
		2C1E771B2A4B63F5008D2E88 /* RootModel.swift in Sources */ = {isa = PBXBuildFile; fileRef = 2C1E771A2A4B63F5008D2E88 /* RootModel.swift */; };
		2C1E771D2A4B64C3008D2E88 /* Launch Screen.storyboard in Resources */ = {isa = PBXBuildFile; fileRef = 2C1E771C2A4B64C3008D2E88 /* Launch Screen.storyboard */; };
		2C8D888A2A4C0B010090C2F5 /* OnboardingView.swift in Sources */ = {isa = PBXBuildFile; fileRef = 2C8D88892A4C0B010090C2F5 /* OnboardingView.swift */; };
		2C8D888C2A4C0B0B0090C2F5 /* OnboardingModel.swift in Sources */ = {isa = PBXBuildFile; fileRef = 2C8D888B2A4C0B0B0090C2F5 /* OnboardingModel.swift */; };
		2C8D88902A4C0E4E0090C2F5 /* OnboardingItem.swift in Sources */ = {isa = PBXBuildFile; fileRef = 2C8D888F2A4C0E4E0090C2F5 /* OnboardingItem.swift */; };
		2C8D88962A4C10BF0090C2F5 /* Roboto-Bold.ttf in Resources */ = {isa = PBXBuildFile; fileRef = 2C8D88932A4C10BF0090C2F5 /* Roboto-Bold.ttf */; };
		2C8D88972A4C10BF0090C2F5 /* Roboto-Medium.ttf in Resources */ = {isa = PBXBuildFile; fileRef = 2C8D88942A4C10BF0090C2F5 /* Roboto-Medium.ttf */; };
		2C8D88982A4C10BF0090C2F5 /* Roboto-Regular.ttf in Resources */ = {isa = PBXBuildFile; fileRef = 2C8D88952A4C10BF0090C2F5 /* Roboto-Regular.ttf */; };
		2C8D889A2A4C10D30090C2F5 /* FontHelper.swift in Sources */ = {isa = PBXBuildFile; fileRef = 2C8D88992A4C10D30090C2F5 /* FontHelper.swift */; };
		2C8D889D2A4C19D80090C2F5 /* IndcatorView.swift in Sources */ = {isa = PBXBuildFile; fileRef = 2C8D889C2A4C19D80090C2F5 /* IndcatorView.swift */; };
		2C8D88A02A4C20DC0090C2F5 /* relative.swift in Sources */ = {isa = PBXBuildFile; fileRef = 2C8D889F2A4C20DC0090C2F5 /* relative.swift */; };
		2C8D88A82A4C2DFD0090C2F5 /* KlogisticsTests.swift in Sources */ = {isa = PBXBuildFile; fileRef = 2C8D88A72A4C2DFD0090C2F5 /* KlogisticsTests.swift */; };
		2CE8C8D82A4B60980057AD50 /* KlogisticsApp.swift in Sources */ = {isa = PBXBuildFile; fileRef = 2CE8C8D72A4B60980057AD50 /* KlogisticsApp.swift */; };
		2CE8C8DA2A4B60980057AD50 /* RootView.swift in Sources */ = {isa = PBXBuildFile; fileRef = 2CE8C8D92A4B60980057AD50 /* RootView.swift */; };
		2CE8C8DC2A4B609A0057AD50 /* Assets.xcassets in Resources */ = {isa = PBXBuildFile; fileRef = 2CE8C8DB2A4B609A0057AD50 /* Assets.xcassets */; };
		2CE8C8DF2A4B609A0057AD50 /* Preview Assets.xcassets in Resources */ = {isa = PBXBuildFile; fileRef = 2CE8C8DE2A4B609A0057AD50 /* Preview Assets.xcassets */; };
/* End PBXBuildFile section */

/* Begin PBXContainerItemProxy section */
		2C8D88A92A4C2DFD0090C2F5 /* PBXContainerItemProxy */ = {
			isa = PBXContainerItemProxy;
			containerPortal = 2CE8C8CC2A4B60980057AD50 /* Project object */;
			proxyType = 1;
			remoteGlobalIDString = 2CE8C8D32A4B60980057AD50;
			remoteInfo = Klogistics;
		};
/* End PBXContainerItemProxy section */

/* Begin PBXFileReference section */
		2C1E77182A4B63D0008D2E88 /* Screens.swift */ = {isa = PBXFileReference; lastKnownFileType = sourcecode.swift; path = Screens.swift; sourceTree = "<group>"; };
		2C1E771A2A4B63F5008D2E88 /* RootModel.swift */ = {isa = PBXFileReference; lastKnownFileType = sourcecode.swift; path = RootModel.swift; sourceTree = "<group>"; };
		2C1E771C2A4B64C3008D2E88 /* Launch Screen.storyboard */ = {isa = PBXFileReference; lastKnownFileType = file.storyboard; path = "Launch Screen.storyboard"; sourceTree = "<group>"; };
		2C8D88892A4C0B010090C2F5 /* OnboardingView.swift */ = {isa = PBXFileReference; lastKnownFileType = sourcecode.swift; path = OnboardingView.swift; sourceTree = "<group>"; };
		2C8D888B2A4C0B0B0090C2F5 /* OnboardingModel.swift */ = {isa = PBXFileReference; lastKnownFileType = sourcecode.swift; path = OnboardingModel.swift; sourceTree = "<group>"; };
		2C8D888F2A4C0E4E0090C2F5 /* OnboardingItem.swift */ = {isa = PBXFileReference; lastKnownFileType = sourcecode.swift; path = OnboardingItem.swift; sourceTree = "<group>"; };
		2C8D88932A4C10BF0090C2F5 /* Roboto-Bold.ttf */ = {isa = PBXFileReference; lastKnownFileType = file; path = "Roboto-Bold.ttf"; sourceTree = "<group>"; };
		2C8D88942A4C10BF0090C2F5 /* Roboto-Medium.ttf */ = {isa = PBXFileReference; lastKnownFileType = file; path = "Roboto-Medium.ttf"; sourceTree = "<group>"; };
		2C8D88952A4C10BF0090C2F5 /* Roboto-Regular.ttf */ = {isa = PBXFileReference; lastKnownFileType = file; path = "Roboto-Regular.ttf"; sourceTree = "<group>"; };
		2C8D88992A4C10D30090C2F5 /* FontHelper.swift */ = {isa = PBXFileReference; lastKnownFileType = sourcecode.swift; path = FontHelper.swift; sourceTree = "<group>"; };
		2C8D889B2A4C115E0090C2F5 /* Info.plist */ = {isa = PBXFileReference; lastKnownFileType = text.plist.xml; path = Info.plist; sourceTree = "<group>"; };
		2C8D889C2A4C19D80090C2F5 /* IndcatorView.swift */ = {isa = PBXFileReference; lastKnownFileType = sourcecode.swift; path = IndcatorView.swift; sourceTree = "<group>"; };
		2C8D889F2A4C20DC0090C2F5 /* relative.swift */ = {isa = PBXFileReference; lastKnownFileType = sourcecode.swift; path = relative.swift; sourceTree = "<group>"; };
		2C8D88A52A4C2DFD0090C2F5 /* KlogisticsTests.xctest */ = {isa = PBXFileReference; explicitFileType = wrapper.cfbundle; includeInIndex = 0; path = KlogisticsTests.xctest; sourceTree = BUILT_PRODUCTS_DIR; };
		2C8D88A72A4C2DFD0090C2F5 /* KlogisticsTests.swift */ = {isa = PBXFileReference; lastKnownFileType = sourcecode.swift; path = KlogisticsTests.swift; sourceTree = "<group>"; };
		2CE8C8D42A4B60980057AD50 /* Klogistics.app */ = {isa = PBXFileReference; explicitFileType = wrapper.application; includeInIndex = 0; path = Klogistics.app; sourceTree = BUILT_PRODUCTS_DIR; };
		2CE8C8D72A4B60980057AD50 /* KlogisticsApp.swift */ = {isa = PBXFileReference; lastKnownFileType = sourcecode.swift; path = KlogisticsApp.swift; sourceTree = "<group>"; };
		2CE8C8D92A4B60980057AD50 /* RootView.swift */ = {isa = PBXFileReference; lastKnownFileType = sourcecode.swift; path = RootView.swift; sourceTree = "<group>"; };
		2CE8C8DB2A4B609A0057AD50 /* Assets.xcassets */ = {isa = PBXFileReference; lastKnownFileType = folder.assetcatalog; path = Assets.xcassets; sourceTree = "<group>"; };
		2CE8C8DE2A4B609A0057AD50 /* Preview Assets.xcassets */ = {isa = PBXFileReference; lastKnownFileType = folder.assetcatalog; path = "Preview Assets.xcassets"; sourceTree = "<group>"; };
/* End PBXFileReference section */

/* Begin PBXFrameworksBuildPhase section */
		2C8D88A22A4C2DFD0090C2F5 /* Frameworks */ = {
			isa = PBXFrameworksBuildPhase;
			buildActionMask = 2147483647;
			files = (
			);
			runOnlyForDeploymentPostprocessing = 0;
		};
		2CE8C8D12A4B60980057AD50 /* Frameworks */ = {
			isa = PBXFrameworksBuildPhase;
			buildActionMask = 2147483647;
			files = (
			);
			runOnlyForDeploymentPostprocessing = 0;
		};
/* End PBXFrameworksBuildPhase section */

/* Begin PBXGroup section */
		2C1E77172A4B6318008D2E88 /* Features */ = {
			isa = PBXGroup;
			children = (
				2C8D888E2A4C0DC40090C2F5 /* LogIn */,
				2C8D888D2A4C0DBE0090C2F5 /* SignUp */,
				2C8D88882A4C0AEF0090C2F5 /* Onboarding */,
			);
			path = Features;
			sourceTree = "<group>";
		};
		2C8D88882A4C0AEF0090C2F5 /* Onboarding */ = {
			isa = PBXGroup;
			children = (
				2C8D88892A4C0B010090C2F5 /* OnboardingView.swift */,
				2C8D888B2A4C0B0B0090C2F5 /* OnboardingModel.swift */,
				2C8D888F2A4C0E4E0090C2F5 /* OnboardingItem.swift */,
				2C8D889C2A4C19D80090C2F5 /* IndcatorView.swift */,
			);
			path = Onboarding;
			sourceTree = "<group>";
		};
		2C8D888D2A4C0DBE0090C2F5 /* SignUp */ = {
			isa = PBXGroup;
			children = (
			);
			path = SignUp;
			sourceTree = "<group>";
		};
		2C8D888E2A4C0DC40090C2F5 /* LogIn */ = {
			isa = PBXGroup;
			children = (
			);
			path = LogIn;
			sourceTree = "<group>";
		};
		2C8D88922A4C0F850090C2F5 /* Fonts */ = {
			isa = PBXGroup;
			children = (
				2C8D88932A4C10BF0090C2F5 /* Roboto-Bold.ttf */,
				2C8D88942A4C10BF0090C2F5 /* Roboto-Medium.ttf */,
				2C8D88952A4C10BF0090C2F5 /* Roboto-Regular.ttf */,
			);
			path = Fonts;
			sourceTree = "<group>";
		};
		2C8D889E2A4C20C00090C2F5 /* Helpers */ = {
			isa = PBXGroup;
			children = (
				2C8D88992A4C10D30090C2F5 /* FontHelper.swift */,
				2C8D889F2A4C20DC0090C2F5 /* relative.swift */,
			);
			path = Helpers;
			sourceTree = "<group>";
		};
		2C8D88A62A4C2DFD0090C2F5 /* KlogisticsTests */ = {
			isa = PBXGroup;
			children = (
				2C8D88A72A4C2DFD0090C2F5 /* KlogisticsTests.swift */,
			);
			path = KlogisticsTests;
			sourceTree = "<group>";
		};
		2CE8C8CB2A4B60980057AD50 = {
			isa = PBXGroup;
			children = (
				2CE8C8D62A4B60980057AD50 /* Klogistics */,
				2C8D88A62A4C2DFD0090C2F5 /* KlogisticsTests */,
				2CE8C8D52A4B60980057AD50 /* Products */,
			);
			sourceTree = "<group>";
		};
		2CE8C8D52A4B60980057AD50 /* Products */ = {
			isa = PBXGroup;
			children = (
				2CE8C8D42A4B60980057AD50 /* Klogistics.app */,
				2C8D88A52A4C2DFD0090C2F5 /* KlogisticsTests.xctest */,
			);
			name = Products;
			sourceTree = "<group>";
		};
		2CE8C8D62A4B60980057AD50 /* Klogistics */ = {
			isa = PBXGroup;
			children = (
				2C1E77172A4B6318008D2E88 /* Features */,
				2CE8C8E82A4B61B60057AD50 /* Common */,
			);
			path = Klogistics;
			sourceTree = "<group>";
		};
		2CE8C8DD2A4B609A0057AD50 /* Preview Content */ = {
			isa = PBXGroup;
			children = (
				2CE8C8DE2A4B609A0057AD50 /* Preview Assets.xcassets */,
			);
			path = "Preview Content";
			sourceTree = "<group>";
		};
		2CE8C8E82A4B61B60057AD50 /* Common */ = {
			isa = PBXGroup;
			children = (
				2C8D889E2A4C20C00090C2F5 /* Helpers */,
				2C8D889B2A4C115E0090C2F5 /* Info.plist */,
				2C8D88922A4C0F850090C2F5 /* Fonts */,
				2C1E77182A4B63D0008D2E88 /* Screens.swift */,
				2CE8C8D92A4B60980057AD50 /* RootView.swift */,
				2C1E771A2A4B63F5008D2E88 /* RootModel.swift */,
				2CE8C8D72A4B60980057AD50 /* KlogisticsApp.swift */,
				2CE8C8DB2A4B609A0057AD50 /* Assets.xcassets */,
				2C1E771C2A4B64C3008D2E88 /* Launch Screen.storyboard */,
				2CE8C8DD2A4B609A0057AD50 /* Preview Content */,
			);
			path = Common;
			sourceTree = "<group>";
		};
/* End PBXGroup section */

/* Begin PBXNativeTarget section */
		2C8D88A42A4C2DFD0090C2F5 /* KlogisticsTests */ = {
			isa = PBXNativeTarget;
			buildConfigurationList = 2C8D88AB2A4C2DFD0090C2F5 /* Build configuration list for PBXNativeTarget "KlogisticsTests" */;
			buildPhases = (
				2C8D88A12A4C2DFD0090C2F5 /* Sources */,
				2C8D88A22A4C2DFD0090C2F5 /* Frameworks */,
				2C8D88A32A4C2DFD0090C2F5 /* Resources */,
			);
			buildRules = (
			);
			dependencies = (
				2C8D88AA2A4C2DFD0090C2F5 /* PBXTargetDependency */,
			);
			name = KlogisticsTests;
			productName = KlogisticsTests;
			productReference = 2C8D88A52A4C2DFD0090C2F5 /* KlogisticsTests.xctest */;
			productType = "com.apple.product-type.bundle.unit-test";
		};
		2CE8C8D32A4B60980057AD50 /* Klogistics */ = {
			isa = PBXNativeTarget;
			buildConfigurationList = 2CE8C8E22A4B609A0057AD50 /* Build configuration list for PBXNativeTarget "Klogistics" */;
			buildPhases = (
				2CE8C8D02A4B60980057AD50 /* Sources */,
				2CE8C8D12A4B60980057AD50 /* Frameworks */,
				2CE8C8D22A4B60980057AD50 /* Resources */,
			);
			buildRules = (
			);
			dependencies = (
			);
			name = Klogistics;
			productName = Klogistics;
			productReference = 2CE8C8D42A4B60980057AD50 /* Klogistics.app */;
			productType = "com.apple.product-type.application";
		};
/* End PBXNativeTarget section */

/* Begin PBXProject section */
		2CE8C8CC2A4B60980057AD50 /* Project object */ = {
			isa = PBXProject;
			attributes = {
				BuildIndependentTargetsInParallel = 1;
				LastSwiftUpdateCheck = 1430;
				LastUpgradeCheck = 1430;
				TargetAttributes = {
					2C8D88A42A4C2DFD0090C2F5 = {
						CreatedOnToolsVersion = 14.3;
						TestTargetID = 2CE8C8D32A4B60980057AD50;
					};
					2CE8C8D32A4B60980057AD50 = {
						CreatedOnToolsVersion = 14.3;
					};
				};
			};
			buildConfigurationList = 2CE8C8CF2A4B60980057AD50 /* Build configuration list for PBXProject "Klogistics" */;
			compatibilityVersion = "Xcode 14.0";
			developmentRegion = en;
			hasScannedForEncodings = 0;
			knownRegions = (
				en,
				Base,
			);
			mainGroup = 2CE8C8CB2A4B60980057AD50;
			productRefGroup = 2CE8C8D52A4B60980057AD50 /* Products */;
			projectDirPath = "";
			projectRoot = "";
			targets = (
				2CE8C8D32A4B60980057AD50 /* Klogistics */,
				2C8D88A42A4C2DFD0090C2F5 /* KlogisticsTests */,
			);
		};
/* End PBXProject section */

/* Begin PBXResourcesBuildPhase section */
		2C8D88A32A4C2DFD0090C2F5 /* Resources */ = {
			isa = PBXResourcesBuildPhase;
			buildActionMask = 2147483647;
			files = (
			);
			runOnlyForDeploymentPostprocessing = 0;
		};
		2CE8C8D22A4B60980057AD50 /* Resources */ = {
			isa = PBXResourcesBuildPhase;
			buildActionMask = 2147483647;
			files = (
				2C8D88982A4C10BF0090C2F5 /* Roboto-Regular.ttf in Resources */,
				2C8D88972A4C10BF0090C2F5 /* Roboto-Medium.ttf in Resources */,
				2C1E771D2A4B64C3008D2E88 /* Launch Screen.storyboard in Resources */,
				2CE8C8DF2A4B609A0057AD50 /* Preview Assets.xcassets in Resources */,
				2C8D88962A4C10BF0090C2F5 /* Roboto-Bold.ttf in Resources */,
				2CE8C8DC2A4B609A0057AD50 /* Assets.xcassets in Resources */,
			);
			runOnlyForDeploymentPostprocessing = 0;
		};
/* End PBXResourcesBuildPhase section */

/* Begin PBXSourcesBuildPhase section */
		2C8D88A12A4C2DFD0090C2F5 /* Sources */ = {
			isa = PBXSourcesBuildPhase;
			buildActionMask = 2147483647;
			files = (
				2C8D88A82A4C2DFD0090C2F5 /* KlogisticsTests.swift in Sources */,
			);
			runOnlyForDeploymentPostprocessing = 0;
		};
		2CE8C8D02A4B60980057AD50 /* Sources */ = {
			isa = PBXSourcesBuildPhase;
			buildActionMask = 2147483647;
			files = (
				2C1E77192A4B63D1008D2E88 /* Screens.swift in Sources */,
				2CE8C8DA2A4B60980057AD50 /* RootView.swift in Sources */,
				2C8D889A2A4C10D30090C2F5 /* FontHelper.swift in Sources */,
				2C8D889D2A4C19D80090C2F5 /* IndcatorView.swift in Sources */,
				2C8D888C2A4C0B0B0090C2F5 /* OnboardingModel.swift in Sources */,
				2CE8C8D82A4B60980057AD50 /* KlogisticsApp.swift in Sources */,
				2C8D88902A4C0E4E0090C2F5 /* OnboardingItem.swift in Sources */,
				2C8D888A2A4C0B010090C2F5 /* OnboardingView.swift in Sources */,
				2C1E771B2A4B63F5008D2E88 /* RootModel.swift in Sources */,
				2C8D88A02A4C20DC0090C2F5 /* relative.swift in Sources */,
			);
			runOnlyForDeploymentPostprocessing = 0;
		};
/* End PBXSourcesBuildPhase section */

/* Begin PBXTargetDependency section */
		2C8D88AA2A4C2DFD0090C2F5 /* PBXTargetDependency */ = {
			isa = PBXTargetDependency;
			target = 2CE8C8D32A4B60980057AD50 /* Klogistics */;
			targetProxy = 2C8D88A92A4C2DFD0090C2F5 /* PBXContainerItemProxy */;
		};
/* End PBXTargetDependency section */

/* Begin XCBuildConfiguration section */
		2C8D88AC2A4C2DFD0090C2F5 /* Debug */ = {
			isa = XCBuildConfiguration;
			buildSettings = {
				BUNDLE_LOADER = "$(TEST_HOST)";
				CODE_SIGN_STYLE = Automatic;
				CURRENT_PROJECT_VERSION = 1;
				DEVELOPMENT_TEAM = N5Q5NU635P;
				GENERATE_INFOPLIST_FILE = YES;
				MARKETING_VERSION = 1.0;
				PRODUCT_BUNDLE_IDENTIFIER = a.KlogisticsTests;
				PRODUCT_NAME = "$(TARGET_NAME)";
				SWIFT_EMIT_LOC_STRINGS = NO;
				SWIFT_VERSION = 5.0;
				TARGETED_DEVICE_FAMILY = "1,2";
				TEST_HOST = "$(BUILT_PRODUCTS_DIR)/Klogistics.app/$(BUNDLE_EXECUTABLE_FOLDER_PATH)/Klogistics";
			};
			name = Debug;
		};
		2C8D88AD2A4C2DFD0090C2F5 /* Release */ = {
			isa = XCBuildConfiguration;
			buildSettings = {
				BUNDLE_LOADER = "$(TEST_HOST)";
				CODE_SIGN_STYLE = Automatic;
				CURRENT_PROJECT_VERSION = 1;
				DEVELOPMENT_TEAM = N5Q5NU635P;
				GENERATE_INFOPLIST_FILE = YES;
				MARKETING_VERSION = 1.0;
				PRODUCT_BUNDLE_IDENTIFIER = a.KlogisticsTests;
				PRODUCT_NAME = "$(TARGET_NAME)";
				SWIFT_EMIT_LOC_STRINGS = NO;
				SWIFT_VERSION = 5.0;
				TARGETED_DEVICE_FAMILY = "1,2";
				TEST_HOST = "$(BUILT_PRODUCTS_DIR)/Klogistics.app/$(BUNDLE_EXECUTABLE_FOLDER_PATH)/Klogistics";
			};
			name = Release;
		};
		2CE8C8E02A4B609A0057AD50 /* Debug */ = {
			isa = XCBuildConfiguration;
			buildSettings = {
				ALWAYS_SEARCH_USER_PATHS = NO;
				CLANG_ANALYZER_NONNULL = YES;
				CLANG_ANALYZER_NUMBER_OBJECT_CONVERSION = YES_AGGRESSIVE;
				CLANG_CXX_LANGUAGE_STANDARD = "gnu++20";
				CLANG_ENABLE_MODULES = YES;
				CLANG_ENABLE_OBJC_ARC = YES;
				CLANG_ENABLE_OBJC_WEAK = YES;
				CLANG_WARN_BLOCK_CAPTURE_AUTORELEASING = YES;
				CLANG_WARN_BOOL_CONVERSION = YES;
				CLANG_WARN_COMMA = YES;
				CLANG_WARN_CONSTANT_CONVERSION = YES;
				CLANG_WARN_DEPRECATED_OBJC_IMPLEMENTATIONS = YES;
				CLANG_WARN_DIRECT_OBJC_ISA_USAGE = YES_ERROR;
				CLANG_WARN_DOCUMENTATION_COMMENTS = YES;
				CLANG_WARN_EMPTY_BODY = YES;
				CLANG_WARN_ENUM_CONVERSION = YES;
				CLANG_WARN_INFINITE_RECURSION = YES;
				CLANG_WARN_INT_CONVERSION = YES;
				CLANG_WARN_NON_LITERAL_NULL_CONVERSION = YES;
				CLANG_WARN_OBJC_IMPLICIT_RETAIN_SELF = YES;
				CLANG_WARN_OBJC_LITERAL_CONVERSION = YES;
				CLANG_WARN_OBJC_ROOT_CLASS = YES_ERROR;
				CLANG_WARN_QUOTED_INCLUDE_IN_FRAMEWORK_HEADER = YES;
				CLANG_WARN_RANGE_LOOP_ANALYSIS = YES;
				CLANG_WARN_STRICT_PROTOTYPES = YES;
				CLANG_WARN_SUSPICIOUS_MOVE = YES;
				CLANG_WARN_UNGUARDED_AVAILABILITY = YES_AGGRESSIVE;
				CLANG_WARN_UNREACHABLE_CODE = YES;
				CLANG_WARN__DUPLICATE_METHOD_MATCH = YES;
				COPY_PHASE_STRIP = NO;
				DEBUG_INFORMATION_FORMAT = dwarf;
				ENABLE_STRICT_OBJC_MSGSEND = YES;
				ENABLE_TESTABILITY = YES;
				GCC_C_LANGUAGE_STANDARD = gnu11;
				GCC_DYNAMIC_NO_PIC = NO;
				GCC_NO_COMMON_BLOCKS = YES;
				GCC_OPTIMIZATION_LEVEL = 0;
				GCC_PREPROCESSOR_DEFINITIONS = (
					"DEBUG=1",
					"$(inherited)",
				);
				GCC_WARN_64_TO_32_BIT_CONVERSION = YES;
				GCC_WARN_ABOUT_RETURN_TYPE = YES_ERROR;
				GCC_WARN_UNDECLARED_SELECTOR = YES;
				GCC_WARN_UNINITIALIZED_AUTOS = YES_AGGRESSIVE;
				GCC_WARN_UNUSED_FUNCTION = YES;
				GCC_WARN_UNUSED_VARIABLE = YES;
				IPHONEOS_DEPLOYMENT_TARGET = 16.4;
				MTL_ENABLE_DEBUG_INFO = INCLUDE_SOURCE;
				MTL_FAST_MATH = YES;
				ONLY_ACTIVE_ARCH = YES;
				SDKROOT = iphoneos;
				SWIFT_ACTIVE_COMPILATION_CONDITIONS = DEBUG;
				SWIFT_OPTIMIZATION_LEVEL = "-Onone";
			};
			name = Debug;
		};
		2CE8C8E12A4B609A0057AD50 /* Release */ = {
			isa = XCBuildConfiguration;
			buildSettings = {
				ALWAYS_SEARCH_USER_PATHS = NO;
				CLANG_ANALYZER_NONNULL = YES;
				CLANG_ANALYZER_NUMBER_OBJECT_CONVERSION = YES_AGGRESSIVE;
				CLANG_CXX_LANGUAGE_STANDARD = "gnu++20";
				CLANG_ENABLE_MODULES = YES;
				CLANG_ENABLE_OBJC_ARC = YES;
				CLANG_ENABLE_OBJC_WEAK = YES;
				CLANG_WARN_BLOCK_CAPTURE_AUTORELEASING = YES;
				CLANG_WARN_BOOL_CONVERSION = YES;
				CLANG_WARN_COMMA = YES;
				CLANG_WARN_CONSTANT_CONVERSION = YES;
				CLANG_WARN_DEPRECATED_OBJC_IMPLEMENTATIONS = YES;
				CLANG_WARN_DIRECT_OBJC_ISA_USAGE = YES_ERROR;
				CLANG_WARN_DOCUMENTATION_COMMENTS = YES;
				CLANG_WARN_EMPTY_BODY = YES;
				CLANG_WARN_ENUM_CONVERSION = YES;
				CLANG_WARN_INFINITE_RECURSION = YES;
				CLANG_WARN_INT_CONVERSION = YES;
				CLANG_WARN_NON_LITERAL_NULL_CONVERSION = YES;
				CLANG_WARN_OBJC_IMPLICIT_RETAIN_SELF = YES;
				CLANG_WARN_OBJC_LITERAL_CONVERSION = YES;
				CLANG_WARN_OBJC_ROOT_CLASS = YES_ERROR;
				CLANG_WARN_QUOTED_INCLUDE_IN_FRAMEWORK_HEADER = YES;
				CLANG_WARN_RANGE_LOOP_ANALYSIS = YES;
				CLANG_WARN_STRICT_PROTOTYPES = YES;
				CLANG_WARN_SUSPICIOUS_MOVE = YES;
				CLANG_WARN_UNGUARDED_AVAILABILITY = YES_AGGRESSIVE;
				CLANG_WARN_UNREACHABLE_CODE = YES;
				CLANG_WARN__DUPLICATE_METHOD_MATCH = YES;
				COPY_PHASE_STRIP = NO;
				DEBUG_INFORMATION_FORMAT = "dwarf-with-dsym";
				ENABLE_NS_ASSERTIONS = NO;
				ENABLE_STRICT_OBJC_MSGSEND = YES;
				GCC_C_LANGUAGE_STANDARD = gnu11;
				GCC_NO_COMMON_BLOCKS = YES;
				GCC_WARN_64_TO_32_BIT_CONVERSION = YES;
				GCC_WARN_ABOUT_RETURN_TYPE = YES_ERROR;
				GCC_WARN_UNDECLARED_SELECTOR = YES;
				GCC_WARN_UNINITIALIZED_AUTOS = YES_AGGRESSIVE;
				GCC_WARN_UNUSED_FUNCTION = YES;
				GCC_WARN_UNUSED_VARIABLE = YES;
				IPHONEOS_DEPLOYMENT_TARGET = 16.4;
				MTL_ENABLE_DEBUG_INFO = NO;
				MTL_FAST_MATH = YES;
				SDKROOT = iphoneos;
				SWIFT_COMPILATION_MODE = wholemodule;
				SWIFT_OPTIMIZATION_LEVEL = "-O";
				VALIDATE_PRODUCT = YES;
			};
			name = Release;
		};
		2CE8C8E32A4B609A0057AD50 /* Debug */ = {
			isa = XCBuildConfiguration;
			buildSettings = {
				ASSETCATALOG_COMPILER_APPICON_NAME = AppIcon;
				ASSETCATALOG_COMPILER_GLOBAL_ACCENT_COLOR_NAME = AccentColor;
				CODE_SIGN_STYLE = Automatic;
				CURRENT_PROJECT_VERSION = 1;
				DEVELOPMENT_ASSET_PATHS = "\"Klogistics/Common/Preview Content\"";
				DEVELOPMENT_TEAM = N5Q5NU635P;
				ENABLE_PREVIEWS = YES;
				GENERATE_INFOPLIST_FILE = YES;
				INFOPLIST_FILE = Klogistics/Common/Info.plist;
				INFOPLIST_KEY_UIApplicationSupportsIndirectInputEvents = YES;
				INFOPLIST_KEY_UILaunchScreen_Generation = YES;
				INFOPLIST_KEY_UILaunchStoryboardName = "Launch Screen.storyboard";
				INFOPLIST_KEY_UISupportedInterfaceOrientations_iPad = "UIInterfaceOrientationPortrait UIInterfaceOrientationPortraitUpsideDown UIInterfaceOrientationLandscapeLeft UIInterfaceOrientationLandscapeRight";
				INFOPLIST_KEY_UISupportedInterfaceOrientations_iPhone = "UIInterfaceOrientationPortrait UIInterfaceOrientationLandscapeLeft UIInterfaceOrientationLandscapeRight";
				LD_RUNPATH_SEARCH_PATHS = (
					"$(inherited)",
					"@executable_path/Frameworks",
				);
				MARKETING_VERSION = 1.0;
				PRODUCT_BUNDLE_IDENTIFIER = a.Klogistics;
				PRODUCT_NAME = "$(TARGET_NAME)";
				SWIFT_EMIT_LOC_STRINGS = YES;
				SWIFT_VERSION = 5.0;
				TARGETED_DEVICE_FAMILY = "1,2";
			};
			name = Debug;
		};
		2CE8C8E42A4B609A0057AD50 /* Release */ = {
			isa = XCBuildConfiguration;
			buildSettings = {
				ASSETCATALOG_COMPILER_APPICON_NAME = AppIcon;
				ASSETCATALOG_COMPILER_GLOBAL_ACCENT_COLOR_NAME = AccentColor;
				CODE_SIGN_STYLE = Automatic;
				CURRENT_PROJECT_VERSION = 1;
				DEVELOPMENT_ASSET_PATHS = "\"Klogistics/Common/Preview Content\"";
				DEVELOPMENT_TEAM = N5Q5NU635P;
				ENABLE_PREVIEWS = YES;
				GENERATE_INFOPLIST_FILE = YES;
				INFOPLIST_FILE = Klogistics/Common/Info.plist;
				INFOPLIST_KEY_UIApplicationSupportsIndirectInputEvents = YES;
				INFOPLIST_KEY_UILaunchScreen_Generation = YES;
				INFOPLIST_KEY_UILaunchStoryboardName = "Launch Screen.storyboard";
				INFOPLIST_KEY_UISupportedInterfaceOrientations_iPad = "UIInterfaceOrientationPortrait UIInterfaceOrientationPortraitUpsideDown UIInterfaceOrientationLandscapeLeft UIInterfaceOrientationLandscapeRight";
				INFOPLIST_KEY_UISupportedInterfaceOrientations_iPhone = "UIInterfaceOrientationPortrait UIInterfaceOrientationLandscapeLeft UIInterfaceOrientationLandscapeRight";
				LD_RUNPATH_SEARCH_PATHS = (
					"$(inherited)",
					"@executable_path/Frameworks",
				);
				MARKETING_VERSION = 1.0;
				PRODUCT_BUNDLE_IDENTIFIER = a.Klogistics;
				PRODUCT_NAME = "$(TARGET_NAME)";
				SWIFT_EMIT_LOC_STRINGS = YES;
				SWIFT_VERSION = 5.0;
				TARGETED_DEVICE_FAMILY = "1,2";
			};
			name = Release;
		};
/* End XCBuildConfiguration section */

/* Begin XCConfigurationList section */
		2C8D88AB2A4C2DFD0090C2F5 /* Build configuration list for PBXNativeTarget "KlogisticsTests" */ = {
			isa = XCConfigurationList;
			buildConfigurations = (
				2C8D88AC2A4C2DFD0090C2F5 /* Debug */,
				2C8D88AD2A4C2DFD0090C2F5 /* Release */,
			);
			defaultConfigurationIsVisible = 0;
			defaultConfigurationName = Release;
		};
		2CE8C8CF2A4B60980057AD50 /* Build configuration list for PBXProject "Klogistics" */ = {
			isa = XCConfigurationList;
			buildConfigurations = (
				2CE8C8E02A4B609A0057AD50 /* Debug */,
				2CE8C8E12A4B609A0057AD50 /* Release */,
			);
			defaultConfigurationIsVisible = 0;
			defaultConfigurationName = Release;
		};
		2CE8C8E22A4B609A0057AD50 /* Build configuration list for PBXNativeTarget "Klogistics" */ = {
			isa = XCConfigurationList;
			buildConfigurations = (
				2CE8C8E32A4B609A0057AD50 /* Debug */,
				2CE8C8E42A4B609A0057AD50 /* Release */,
			);
			defaultConfigurationIsVisible = 0;
			defaultConfigurationName = Release;
		};
/* End XCConfigurationList section */
	};
	rootObject = 2CE8C8CC2A4B60980057AD50 /* Project object */;
}
